
Microsoft Visual Studio Solution File, Format Version 12.00
# Visual Studio 15
VisualStudioVersion = 15.0.28307.421
MinimumVisualStudioVersion = 10.0.40219.1
Project("{2150E333-8FDC-42A3-9474-1A3956D46DE8}") = "FrontEnd", "FrontEnd", "{49C8CF16-DCE1-45FC-94C8-062E1C77E78B}"
EndProject
Project("{2150E333-8FDC-42A3-9474-1A3956D46DE8}") = "BackEnd", "BackEnd", "{EC5C0F82-DBCC-43D6-BDC9-BA81DDD2A155}"
EndProject
Project("{2150E333-8FDC-42A3-9474-1A3956D46DE8}") = "Services", "Services", "{519CE836-D158-47B6-A94A-4DDD216653C4}"
EndProject
Project("{9A19103F-16F7-4668-BE54-9A1E7A4F7556}") = "AppsWebAPI", "BackEnd\Services\AppsWebAPI\AppsWebAPI.csproj", "{32D998E3-2787-4F02-A754-823A594970E6}"
EndProject
Project("{2150E333-8FDC-42A3-9474-1A3956D46DE8}") = "Common", "Common", "{B5C075BD-C056-4936-8CB6-6CD6D4702B5B}"
EndProject
Project("{9A19103F-16F7-4668-BE54-9A1E7A4F7556}") = "AppsWeb.Common.Models", "BackEnd\Common\AppsWeb.Common.Models\AppsWeb.Common.Models.csproj", "{3EB6ADBE-EB66-464C-9057-1B29685DA19B}"
EndProject
Project("{9A19103F-16F7-4668-BE54-9A1E7A4F7556}") = "AppsWeb.Common.Read", "BackEnd\Common\AppsWeb.Common.Read\AppsWeb.Common.Read.csproj", "{6A06F0FD-C502-4E51-9B90-3DD3E5CA4932}"
EndProject
Project("{9A19103F-16F7-4668-BE54-9A1E7A4F7556}") = "AppsWeb.Common.Writes", "BackEnd\Common\AppsWeb.Common.Writes\AppsWeb.Common.Writes.csproj", "{2E11FE6A-6AB9-4B47-91C9-623B50872362}"
EndProject
Project("{2150E333-8FDC-42A3-9474-1A3956D46DE8}") = "Business", "Business", "{D6727A1B-29E0-4926-A80A-E23D04DA50B7}"
EndProject
Project("{9A19103F-16F7-4668-BE54-9A1E7A4F7556}") = "AppsWeb.Business.Manager", "BackEnd\Business\AppsWeb.Business.Manager\AppsWeb.Business.Manager.csproj", "{601BEE58-4F88-4105-9A5A-7F8F179F41D3}"
EndProject
Project("{9A19103F-16F7-4668-BE54-9A1E7A4F7556}") = "AppsWeb.Business.Repositories", "BackEnd\Business\AppsWeb.Business.Repositories\AppsWeb.Business.Repositories.csproj", "{FCF502F3-18BD-4BBF-932E-8B5147FF6577}"
EndProject
Project("{9A19103F-16F7-4668-BE54-9A1E7A4F7556}") = "AppsWeb.Business.DatabaseManager", "BackEnd\Business\AppsWeb.Business.DatabaseManager\AppsWeb.Business.DatabaseManager.csproj", "{8214C750-31B0-4649-9776-0A5D8EC940A5}"
EndProject
Project("{2150E333-8FDC-42A3-9474-1A3956D46DE8}") = "Test", "Test", "{A8245B62-B314-4E99-8CDD-4F3F64A1EED5}"
EndProject
Project("{9A19103F-16F7-4668-BE54-9A1E7A4F7556}") = "AppsWebApiTest", "BackEnd\Test\AppsWebApiTest\AppsWebApiTest.csproj", "{41006F0B-FBF8-4FB5-936E-FEF15B1A8790}"
EndProject
Project("{E24C65DC-7377-472B-9ABA-BC803B73C61A}") = "Tickets", "FrontEnd\Tickets\", "{1D914B28-BD07-42B5-95A4-67391A5B3F4E}"
	ProjectSection(WebsiteProperties) = preProject
		TargetFrameworkMoniker = ".NETFramework,Version%3Dv4.0"
		Debug.AspNetCompiler.VirtualPath = "/localhost_16175"
		Debug.AspNetCompiler.PhysicalPath = "FrontEnd\Tickets\"
		Debug.AspNetCompiler.TargetPath = "PrecompiledWeb\localhost_16175\"
		Debug.AspNetCompiler.Updateable = "true"
		Debug.AspNetCompiler.ForceOverwrite = "true"
		Debug.AspNetCompiler.FixedNames = "false"
		Debug.AspNetCompiler.Debug = "True"
		Release.AspNetCompiler.VirtualPath = "/localhost_16175"
		Release.AspNetCompiler.PhysicalPath = "FrontEnd\Tickets\"
		Release.AspNetCompiler.TargetPath = "PrecompiledWeb\localhost_16175\"
		Release.AspNetCompiler.Updateable = "true"
		Release.AspNetCompiler.ForceOverwrite = "true"
		Release.AspNetCompiler.FixedNames = "false"
		Release.AspNetCompiler.Debug = "False"
		VWDPort = "16175"
	EndProjectSection
EndProject
Global
	GlobalSection(SolutionConfigurationPlatforms) = preSolution
		Debug|Any CPU = Debug|Any CPU
		Release|Any CPU = Release|Any CPU
	EndGlobalSection
	GlobalSection(ProjectConfigurationPlatforms) = postSolution
		{32D998E3-2787-4F02-A754-823A594970E6}.Debug|Any CPU.ActiveCfg = Debug|Any CPU
		{32D998E3-2787-4F02-A754-823A594970E6}.Debug|Any CPU.Build.0 = Debug|Any CPU
		{32D998E3-2787-4F02-A754-823A594970E6}.Release|Any CPU.ActiveCfg = Release|Any CPU
		{32D998E3-2787-4F02-A754-823A594970E6}.Release|Any CPU.Build.0 = Release|Any CPU
		{3EB6ADBE-EB66-464C-9057-1B29685DA19B}.Debug|Any CPU.ActiveCfg = Debug|Any CPU
		{3EB6ADBE-EB66-464C-9057-1B29685DA19B}.Debug|Any CPU.Build.0 = Debug|Any CPU
		{3EB6ADBE-EB66-464C-9057-1B29685DA19B}.Release|Any CPU.ActiveCfg = Release|Any CPU
		{3EB6ADBE-EB66-464C-9057-1B29685DA19B}.Release|Any CPU.Build.0 = Release|Any CPU
		{6A06F0FD-C502-4E51-9B90-3DD3E5CA4932}.Debug|Any CPU.ActiveCfg = Debug|Any CPU
		{6A06F0FD-C502-4E51-9B90-3DD3E5CA4932}.Debug|Any CPU.Build.0 = Debug|Any CPU
		{6A06F0FD-C502-4E51-9B90-3DD3E5CA4932}.Release|Any CPU.ActiveCfg = Release|Any CPU
		{6A06F0FD-C502-4E51-9B90-3DD3E5CA4932}.Release|Any CPU.Build.0 = Release|Any CPU
		{2E11FE6A-6AB9-4B47-91C9-623B50872362}.Debug|Any CPU.ActiveCfg = Debug|Any CPU
		{2E11FE6A-6AB9-4B47-91C9-623B50872362}.Debug|Any CPU.Build.0 = Debug|Any CPU
		{2E11FE6A-6AB9-4B47-91C9-623B50872362}.Release|Any CPU.ActiveCfg = Release|Any CPU
		{2E11FE6A-6AB9-4B47-91C9-623B50872362}.Release|Any CPU.Build.0 = Release|Any CPU
		{601BEE58-4F88-4105-9A5A-7F8F179F41D3}.Debug|Any CPU.ActiveCfg = Debug|Any CPU
		{601BEE58-4F88-4105-9A5A-7F8F179F41D3}.Debug|Any CPU.Build.0 = Debug|Any CPU
		{601BEE58-4F88-4105-9A5A-7F8F179F41D3}.Release|Any CPU.ActiveCfg = Release|Any CPU
		{601BEE58-4F88-4105-9A5A-7F8F179F41D3}.Release|Any CPU.Build.0 = Release|Any CPU
		{FCF502F3-18BD-4BBF-932E-8B5147FF6577}.Debug|Any CPU.ActiveCfg = Debug|Any CPU
		{FCF502F3-18BD-4BBF-932E-8B5147FF6577}.Debug|Any CPU.Build.0 = Debug|Any CPU
		{FCF502F3-18BD-4BBF-932E-8B5147FF6577}.Release|Any CPU.ActiveCfg = Release|Any CPU
		{FCF502F3-18BD-4BBF-932E-8B5147FF6577}.Release|Any CPU.Build.0 = Release|Any CPU
		{8214C750-31B0-4649-9776-0A5D8EC940A5}.Debug|Any CPU.ActiveCfg = Debug|Any CPU
		{8214C750-31B0-4649-9776-0A5D8EC940A5}.Debug|Any CPU.Build.0 = Debug|Any CPU
		{8214C750-31B0-4649-9776-0A5D8EC940A5}.Release|Any CPU.ActiveCfg = Release|Any CPU
		{8214C750-31B0-4649-9776-0A5D8EC940A5}.Release|Any CPU.Build.0 = Release|Any CPU
		{41006F0B-FBF8-4FB5-936E-FEF15B1A8790}.Debug|Any CPU.ActiveCfg = Debug|Any CPU
		{41006F0B-FBF8-4FB5-936E-FEF15B1A8790}.Debug|Any CPU.Build.0 = Debug|Any CPU
		{41006F0B-FBF8-4FB5-936E-FEF15B1A8790}.Release|Any CPU.ActiveCfg = Release|Any CPU
		{41006F0B-FBF8-4FB5-936E-FEF15B1A8790}.Release|Any CPU.Build.0 = Release|Any CPU
		{1D914B28-BD07-42B5-95A4-67391A5B3F4E}.Debug|Any CPU.ActiveCfg = Debug|Any CPU
		{1D914B28-BD07-42B5-95A4-67391A5B3F4E}.Debug|Any CPU.Build.0 = Debug|Any CPU
		{1D914B28-BD07-42B5-95A4-67391A5B3F4E}.Release|Any CPU.ActiveCfg = Debug|Any CPU
		{1D914B28-BD07-42B5-95A4-67391A5B3F4E}.Release|Any CPU.Build.0 = Debug|Any CPU
	EndGlobalSection
	GlobalSection(SolutionProperties) = preSolution
		HideSolutionNode = FALSE
	EndGlobalSection
	GlobalSection(NestedProjects) = preSolution
		{519CE836-D158-47B6-A94A-4DDD216653C4} = {EC5C0F82-DBCC-43D6-BDC9-BA81DDD2A155}
		{32D998E3-2787-4F02-A754-823A594970E6} = {519CE836-D158-47B6-A94A-4DDD216653C4}
		{B5C075BD-C056-4936-8CB6-6CD6D4702B5B} = {EC5C0F82-DBCC-43D6-BDC9-BA81DDD2A155}
		{3EB6ADBE-EB66-464C-9057-1B29685DA19B} = {B5C075BD-C056-4936-8CB6-6CD6D4702B5B}
		{6A06F0FD-C502-4E51-9B90-3DD3E5CA4932} = {B5C075BD-C056-4936-8CB6-6CD6D4702B5B}
		{2E11FE6A-6AB9-4B47-91C9-623B50872362} = {B5C075BD-C056-4936-8CB6-6CD6D4702B5B}
		{D6727A1B-29E0-4926-A80A-E23D04DA50B7} = {EC5C0F82-DBCC-43D6-BDC9-BA81DDD2A155}
		{601BEE58-4F88-4105-9A5A-7F8F179F41D3} = {D6727A1B-29E0-4926-A80A-E23D04DA50B7}
		{FCF502F3-18BD-4BBF-932E-8B5147FF6577} = {D6727A1B-29E0-4926-A80A-E23D04DA50B7}
		{8214C750-31B0-4649-9776-0A5D8EC940A5} = {D6727A1B-29E0-4926-A80A-E23D04DA50B7}
		{A8245B62-B314-4E99-8CDD-4F3F64A1EED5} = {EC5C0F82-DBCC-43D6-BDC9-BA81DDD2A155}
		{41006F0B-FBF8-4FB5-936E-FEF15B1A8790} = {A8245B62-B314-4E99-8CDD-4F3F64A1EED5}
		{1D914B28-BD07-42B5-95A4-67391A5B3F4E} = {49C8CF16-DCE1-45FC-94C8-062E1C77E78B}
	EndGlobalSection
	GlobalSection(ExtensibilityGlobals) = postSolution
		SolutionGuid = {211C0740-1C38-4A60-A226-0E8674091444}
	EndGlobalSection
EndGlobal
